
Microsoft Visual Studio Solution File, Format Version 12.00
# Visual Studio 15
VisualStudioVersion = 15.0.28306.52
MinimumVisualStudioVersion = 10.0.40219.1
Project("{9A19103F-16F7-4668-BE54-9A1E7A4F7556}") = "SG.PO.Intertek.DataModels", "src\SG.PO.Intertek.DataModels\SG.PO.Intertek.DataModels.csproj", "{9BFB5B0D-CF42-4597-B36B-DD7E6AB943A7}"
EndProject
Project("{9A19103F-16F7-4668-BE54-9A1E7A4F7556}") = "SG.Shared.POProduct", "src\SG.Shared.POProduct\SG.Shared.POProduct.csproj", "{2423D5FA-AF6F-4D81-8F2D-8563FC69B011}"
EndProject
Project("{9A19103F-16F7-4668-BE54-9A1E7A4F7556}") = "SG.PO.Intertek.CommandService", "src\SG.PO.Intertek.CommandService\SG.PO.Intertek.CommandService.csproj", "{E8921F64-090B-42B7-B3D8-769B78FDE62D}"
EndProject
Project("{9A19103F-16F7-4668-BE54-9A1E7A4F7556}") = "SG.PO.Intertek.ProcessingService", "src\SG.PO.Intertek.ProcessingService\SG.PO.Intertek.ProcessingService.csproj", "{9BDCA76D-0DB6-43CE-AB37-76C8729D1332}"
EndProject
Project("{9A19103F-16F7-4668-BE54-9A1E7A4F7556}") = "SG.PO.Intertek.CommandService.Core", "src\SG.PO.Intertek.CommandService.Core\SG.PO.Intertek.CommandService.Core.csproj", "{93976520-41F3-4D27-88B0-AB381B370A63}"
EndProject
Project("{9A19103F-16F7-4668-BE54-9A1E7A4F7556}") = "SG.PO.Intertek.Ingester", "src\SG.PO.Intertek.Ingester\SG.PO.Intertek.Ingester.csproj", "{8A972CAB-647E-4435-8CB9-177A5468B929}"
EndProject
Global
	GlobalSection(SolutionConfigurationPlatforms) = preSolution
		Debug|Any CPU = Debug|Any CPU
		Release|Any CPU = Release|Any CPU
	EndGlobalSection
	GlobalSection(ProjectConfigurationPlatforms) = postSolution
		{9BFB5B0D-CF42-4597-B36B-DD7E6AB943A7}.Debug|Any CPU.ActiveCfg = Debug|Any CPU
		{9BFB5B0D-CF42-4597-B36B-DD7E6AB943A7}.Debug|Any CPU.Build.0 = Debug|Any CPU
		{9BFB5B0D-CF42-4597-B36B-DD7E6AB943A7}.Release|Any CPU.ActiveCfg = Release|Any CPU
		{9BFB5B0D-CF42-4597-B36B-DD7E6AB943A7}.Release|Any CPU.Build.0 = Release|Any CPU
		{2423D5FA-AF6F-4D81-8F2D-8563FC69B011}.Debug|Any CPU.ActiveCfg = Debug|Any CPU
		{2423D5FA-AF6F-4D81-8F2D-8563FC69B011}.Debug|Any CPU.Build.0 = Debug|Any CPU
		{2423D5FA-AF6F-4D81-8F2D-8563FC69B011}.Release|Any CPU.ActiveCfg = Release|Any CPU
		{2423D5FA-AF6F-4D81-8F2D-8563FC69B011}.Release|Any CPU.Build.0 = Release|Any CPU
		{E8921F64-090B-42B7-B3D8-769B78FDE62D}.Debug|Any CPU.ActiveCfg = Debug|Any CPU
		{E8921F64-090B-42B7-B3D8-769B78FDE62D}.Debug|Any CPU.Build.0 = Debug|Any CPU
		{E8921F64-090B-42B7-B3D8-769B78FDE62D}.Release|Any CPU.ActiveCfg = Release|Any CPU
		{E8921F64-090B-42B7-B3D8-769B78FDE62D}.Release|Any CPU.Build.0 = Release|Any CPU
		{9BDCA76D-0DB6-43CE-AB37-76C8729D1332}.Debug|Any CPU.ActiveCfg = Debug|Any CPU
		{9BDCA76D-0DB6-43CE-AB37-76C8729D1332}.Debug|Any CPU.Build.0 = Debug|Any CPU
		{9BDCA76D-0DB6-43CE-AB37-76C8729D1332}.Release|Any CPU.ActiveCfg = Release|Any CPU
		{9BDCA76D-0DB6-43CE-AB37-76C8729D1332}.Release|Any CPU.Build.0 = Release|Any CPU
		{93976520-41F3-4D27-88B0-AB381B370A63}.Debug|Any CPU.ActiveCfg = Debug|Any CPU
		{93976520-41F3-4D27-88B0-AB381B370A63}.Debug|Any CPU.Build.0 = Debug|Any CPU
		{93976520-41F3-4D27-88B0-AB381B370A63}.Release|Any CPU.ActiveCfg = Release|Any CPU
		{93976520-41F3-4D27-88B0-AB381B370A63}.Release|Any CPU.Build.0 = Release|Any CPU
		{8A972CAB-647E-4435-8CB9-177A5468B929}.Debug|Any CPU.ActiveCfg = Debug|Any CPU
		{8A972CAB-647E-4435-8CB9-177A5468B929}.Debug|Any CPU.Build.0 = Debug|Any CPU
		{8A972CAB-647E-4435-8CB9-177A5468B929}.Release|Any CPU.ActiveCfg = Release|Any CPU
		{8A972CAB-647E-4435-8CB9-177A5468B929}.Release|Any CPU.Build.0 = Release|Any CPU
	EndGlobalSection
	GlobalSection(SolutionProperties) = preSolution
		HideSolutionNode = FALSE
	EndGlobalSection
	GlobalSection(ExtensibilityGlobals) = postSolution
		SolutionGuid = {02088ED4-527B-4CFB-A5A3-992159C211E8}
	EndGlobalSection
EndGlobal
