
Microsoft Visual Studio Solution File, Format Version 12.00
# Visual Studio 15
VisualStudioVersion = 15.0.28010.2048
MinimumVisualStudioVersion = 10.0.40219.1
Project("{9A19103F-16F7-4668-BE54-9A1E7A4F7556}") = "SG.PO.Contempo.CommandService", "src\SG.PO.Contempo.CommandService\SG.PO.Contempo.CommandService.csproj", "{9574602E-2EC4-4091-9B13-BE23C966CAAA}"
EndProject
Project("{9A19103F-16F7-4668-BE54-9A1E7A4F7556}") = "SG.PO.Contempo.CommandService.Core", "src\SG.PO.Contempo.CommandService.Core\SG.PO.Contempo.CommandService.Core.csproj", "{1A07B45D-3D3F-40FB-8DA5-9361717D8AA3}"
EndProject
Project("{9A19103F-16F7-4668-BE54-9A1E7A4F7556}") = "SG.PO.Contempo.Ingester", "src\SG.PO.Contempo.Ingester\SG.PO.Contempo.Ingester.csproj", "{E1407F0C-C161-4EE6-A57E-6B45360991D0}"
EndProject
Project("{9A19103F-16F7-4668-BE54-9A1E7A4F7556}") = "SG.PO.Contempo.DataModels", "src\SG.PO.Contempo.DataModels\SG.PO.Contempo.DataModels.csproj", "{E6472FFE-16AF-4DB6-A1E0-537646684C92}"
EndProject
Project("{9A19103F-16F7-4668-BE54-9A1E7A4F7556}") = "SG.Shared.POProduct", "src\SG.Shared.POProduct\SG.Shared.POProduct.csproj", "{2210743E-477C-4629-8F1D-CCA532E92803}"
EndProject
Project("{9A19103F-16F7-4668-BE54-9A1E7A4F7556}") = "SG.PO.Contempo.ProcessingService", "src\SG.PO.Contempo.ProcessingService\SG.PO.Contempo.ProcessingService.csproj", "{245A2FBB-B676-4A90-AFFB-B4CC55111B7F}"
EndProject
Global
	GlobalSection(SolutionConfigurationPlatforms) = preSolution
		Debug|Any CPU = Debug|Any CPU
		Release|Any CPU = Release|Any CPU
	EndGlobalSection
	GlobalSection(ProjectConfigurationPlatforms) = postSolution
		{9574602E-2EC4-4091-9B13-BE23C966CAAA}.Debug|Any CPU.ActiveCfg = Debug|Any CPU
		{9574602E-2EC4-4091-9B13-BE23C966CAAA}.Debug|Any CPU.Build.0 = Debug|Any CPU
		{9574602E-2EC4-4091-9B13-BE23C966CAAA}.Release|Any CPU.ActiveCfg = Release|Any CPU
		{9574602E-2EC4-4091-9B13-BE23C966CAAA}.Release|Any CPU.Build.0 = Release|Any CPU
		{1A07B45D-3D3F-40FB-8DA5-9361717D8AA3}.Debug|Any CPU.ActiveCfg = Debug|Any CPU
		{1A07B45D-3D3F-40FB-8DA5-9361717D8AA3}.Debug|Any CPU.Build.0 = Debug|Any CPU
		{1A07B45D-3D3F-40FB-8DA5-9361717D8AA3}.Release|Any CPU.ActiveCfg = Release|Any CPU
		{1A07B45D-3D3F-40FB-8DA5-9361717D8AA3}.Release|Any CPU.Build.0 = Release|Any CPU
		{E1407F0C-C161-4EE6-A57E-6B45360991D0}.Debug|Any CPU.ActiveCfg = Debug|Any CPU
		{E1407F0C-C161-4EE6-A57E-6B45360991D0}.Debug|Any CPU.Build.0 = Debug|Any CPU
		{E1407F0C-C161-4EE6-A57E-6B45360991D0}.Release|Any CPU.ActiveCfg = Release|Any CPU
		{E1407F0C-C161-4EE6-A57E-6B45360991D0}.Release|Any CPU.Build.0 = Release|Any CPU
		{E6472FFE-16AF-4DB6-A1E0-537646684C92}.Debug|Any CPU.ActiveCfg = Debug|Any CPU
		{E6472FFE-16AF-4DB6-A1E0-537646684C92}.Debug|Any CPU.Build.0 = Debug|Any CPU
		{E6472FFE-16AF-4DB6-A1E0-537646684C92}.Release|Any CPU.ActiveCfg = Release|Any CPU
		{E6472FFE-16AF-4DB6-A1E0-537646684C92}.Release|Any CPU.Build.0 = Release|Any CPU
		{2210743E-477C-4629-8F1D-CCA532E92803}.Debug|Any CPU.ActiveCfg = Debug|Any CPU
		{2210743E-477C-4629-8F1D-CCA532E92803}.Debug|Any CPU.Build.0 = Debug|Any CPU
		{2210743E-477C-4629-8F1D-CCA532E92803}.Release|Any CPU.ActiveCfg = Release|Any CPU
		{2210743E-477C-4629-8F1D-CCA532E92803}.Release|Any CPU.Build.0 = Release|Any CPU
		{245A2FBB-B676-4A90-AFFB-B4CC55111B7F}.Debug|Any CPU.ActiveCfg = Debug|Any CPU
		{245A2FBB-B676-4A90-AFFB-B4CC55111B7F}.Debug|Any CPU.Build.0 = Debug|Any CPU
		{245A2FBB-B676-4A90-AFFB-B4CC55111B7F}.Release|Any CPU.ActiveCfg = Release|Any CPU
		{245A2FBB-B676-4A90-AFFB-B4CC55111B7F}.Release|Any CPU.Build.0 = Release|Any CPU
	EndGlobalSection
	GlobalSection(SolutionProperties) = preSolution
		HideSolutionNode = FALSE
	EndGlobalSection
	GlobalSection(ExtensibilityGlobals) = postSolution
		SolutionGuid = {7ABCA4AD-616E-48AC-981F-E68D9EDE4F09}
	EndGlobalSection
EndGlobal
