
Microsoft Visual Studio Solution File, Format Version 12.00
# Visual Studio 15
VisualStudioVersion = 15.0.27703.2042
MinimumVisualStudioVersion = 10.0.40219.1
Project("{9A19103F-16F7-4668-BE54-9A1E7A4F7556}") = "SG.Shared.POProduct", "src\SG.Shared.POProduct\SG.Shared.POProduct.csproj", "{014670A4-074C-424C-A691-AF8373605D46}"
EndProject
Project("{9A19103F-16F7-4668-BE54-9A1E7A4F7556}") = "SG.PO.APLL.ProcessingService", "src\SG.PO.APLL.ProcessingService\SG.PO.APLL.ProcessingService.csproj", "{AA7FDA93-B1E1-4D0A-85D0-67070B401A65}"
EndProject
Project("{9A19103F-16F7-4668-BE54-9A1E7A4F7556}") = "SG.PO.APLL.CommandService.Core", "src\SG.PO.APLL.CommandService.Core\SG.PO.APLL.CommandService.Core.csproj", "{502B9F33-7C8C-422B-87EE-C84163CCAE01}"
EndProject
Project("{9A19103F-16F7-4668-BE54-9A1E7A4F7556}") = "SG.PO.APLL.CommandService", "src\SG.PO.APLL.CommandService\SG.PO.APLL.CommandService.csproj", "{D729E716-765B-4988-97ED-61A3899AF6F9}"
EndProject
Project("{9A19103F-16F7-4668-BE54-9A1E7A4F7556}") = "SG.PO.APLL.DataModels", "src\SG.PO.APLL.DataModels\SG.PO.APLL.DataModels.csproj", "{E8411BA2-E189-491A-8976-7DB56037E761}"
EndProject
Project("{9A19103F-16F7-4668-BE54-9A1E7A4F7556}") = "SG.PO.APLL.Ingester", "src\SG.PO.APLL.Ingester\SG.PO.APLL.Ingester.csproj", "{5992EE72-82FC-4B20-8A3B-B32D236989F0}"
EndProject
Global
	GlobalSection(SolutionConfigurationPlatforms) = preSolution
		Debug|Any CPU = Debug|Any CPU
		Release|Any CPU = Release|Any CPU
	EndGlobalSection
	GlobalSection(ProjectConfigurationPlatforms) = postSolution
		{014670A4-074C-424C-A691-AF8373605D46}.Debug|Any CPU.ActiveCfg = Debug|Any CPU
		{014670A4-074C-424C-A691-AF8373605D46}.Debug|Any CPU.Build.0 = Debug|Any CPU
		{014670A4-074C-424C-A691-AF8373605D46}.Release|Any CPU.ActiveCfg = Release|Any CPU
		{014670A4-074C-424C-A691-AF8373605D46}.Release|Any CPU.Build.0 = Release|Any CPU
		{AA7FDA93-B1E1-4D0A-85D0-67070B401A65}.Debug|Any CPU.ActiveCfg = Debug|Any CPU
		{AA7FDA93-B1E1-4D0A-85D0-67070B401A65}.Debug|Any CPU.Build.0 = Debug|Any CPU
		{AA7FDA93-B1E1-4D0A-85D0-67070B401A65}.Release|Any CPU.ActiveCfg = Release|Any CPU
		{AA7FDA93-B1E1-4D0A-85D0-67070B401A65}.Release|Any CPU.Build.0 = Release|Any CPU
		{502B9F33-7C8C-422B-87EE-C84163CCAE01}.Debug|Any CPU.ActiveCfg = Debug|Any CPU
		{502B9F33-7C8C-422B-87EE-C84163CCAE01}.Debug|Any CPU.Build.0 = Debug|Any CPU
		{502B9F33-7C8C-422B-87EE-C84163CCAE01}.Release|Any CPU.ActiveCfg = Release|Any CPU
		{502B9F33-7C8C-422B-87EE-C84163CCAE01}.Release|Any CPU.Build.0 = Release|Any CPU
		{D729E716-765B-4988-97ED-61A3899AF6F9}.Debug|Any CPU.ActiveCfg = Debug|Any CPU
		{D729E716-765B-4988-97ED-61A3899AF6F9}.Debug|Any CPU.Build.0 = Debug|Any CPU
		{D729E716-765B-4988-97ED-61A3899AF6F9}.Release|Any CPU.ActiveCfg = Release|Any CPU
		{D729E716-765B-4988-97ED-61A3899AF6F9}.Release|Any CPU.Build.0 = Release|Any CPU
		{E8411BA2-E189-491A-8976-7DB56037E761}.Debug|Any CPU.ActiveCfg = Debug|Any CPU
		{E8411BA2-E189-491A-8976-7DB56037E761}.Debug|Any CPU.Build.0 = Debug|Any CPU
		{E8411BA2-E189-491A-8976-7DB56037E761}.Release|Any CPU.ActiveCfg = Release|Any CPU
		{E8411BA2-E189-491A-8976-7DB56037E761}.Release|Any CPU.Build.0 = Release|Any CPU
		{5992EE72-82FC-4B20-8A3B-B32D236989F0}.Debug|Any CPU.ActiveCfg = Debug|Any CPU
		{5992EE72-82FC-4B20-8A3B-B32D236989F0}.Debug|Any CPU.Build.0 = Debug|Any CPU
		{5992EE72-82FC-4B20-8A3B-B32D236989F0}.Release|Any CPU.ActiveCfg = Release|Any CPU
		{5992EE72-82FC-4B20-8A3B-B32D236989F0}.Release|Any CPU.Build.0 = Release|Any CPU
	EndGlobalSection
	GlobalSection(SolutionProperties) = preSolution
		HideSolutionNode = FALSE
	EndGlobalSection
	GlobalSection(ExtensibilityGlobals) = postSolution
		SolutionGuid = {AE1877BA-6E0D-4265-B695-072FFED66361}
	EndGlobalSection
EndGlobal
