
Microsoft Visual Studio Solution File, Format Version 12.00
# Visual Studio 15
VisualStudioVersion = 15.0.27703.2042
MinimumVisualStudioVersion = 10.0.40219.1
Project("{9A19103F-16F7-4668-BE54-9A1E7A4F7556}") = "SG.POAPL.FileWriter", "src\SG.PO.FileWriter\SG.POAPL.FileWriter.csproj", "{4543658B-E7F3-4264-BA2B-A47BF7D14A68}"
EndProject
Global
	GlobalSection(SolutionConfigurationPlatforms) = preSolution
		Debug|Any CPU = Debug|Any CPU
		Release|Any CPU = Release|Any CPU
	EndGlobalSection
	GlobalSection(ProjectConfigurationPlatforms) = postSolution
		{4543658B-E7F3-4264-BA2B-A47BF7D14A68}.Debug|Any CPU.ActiveCfg = Debug|Any CPU
		{4543658B-E7F3-4264-BA2B-A47BF7D14A68}.Debug|Any CPU.Build.0 = Debug|Any CPU
		{4543658B-E7F3-4264-BA2B-A47BF7D14A68}.Release|Any CPU.ActiveCfg = Release|Any CPU
		{4543658B-E7F3-4264-BA2B-A47BF7D14A68}.Release|Any CPU.Build.0 = Release|Any CPU
	EndGlobalSection
	GlobalSection(SolutionProperties) = preSolution
		HideSolutionNode = FALSE
	EndGlobalSection
	GlobalSection(ExtensibilityGlobals) = postSolution
		SolutionGuid = {C0D2108E-BDA9-4F42-9BDC-2D81EEF46068}
	EndGlobalSection
EndGlobal
